
Microsoft Visual Studio Solution File, Format Version 12.00
# Visual Studio 15
VisualStudioVersion = 15.0.28307.705
MinimumVisualStudioVersion = 10.0.40219.1
Project("{FAE04EC0-301F-11D3-BF4B-00C04F79EFBC}") = "FaithAG", "FaithAG\FaithAG.csproj", "{3497ABF4-47F7-45F6-93EC-CE2CCC5850D8}"
EndProject
Global
	GlobalSection(SolutionConfigurationPlatforms) = preSolution
		Debug|Any CPU = Debug|Any CPU
		Release|Any CPU = Release|Any CPU
	EndGlobalSection
	GlobalSection(ProjectConfigurationPlatforms) = postSolution
		{3497ABF4-47F7-45F6-93EC-CE2CCC5850D8}.Debug|Any CPU.ActiveCfg = Debug|Any CPU
		{3497ABF4-47F7-45F6-93EC-CE2CCC5850D8}.Debug|Any CPU.Build.0 = Debug|Any CPU
		{3497ABF4-47F7-45F6-93EC-CE2CCC5850D8}.Release|Any CPU.ActiveCfg = Release|Any CPU
		{3497ABF4-47F7-45F6-93EC-CE2CCC5850D8}.Release|Any CPU.Build.0 = Release|Any CPU
	EndGlobalSection
	GlobalSection(SolutionProperties) = preSolution
		HideSolutionNode = FALSE
	EndGlobalSection
	GlobalSection(ExtensibilityGlobals) = postSolution
		SolutionGuid = {ED6D9665-4E59-4128-B93A-E91312596955}
	EndGlobalSection
EndGlobal
